// !$*UTF8*$!
{
	archiveVersion = 1;
	classes = {
	};
	objectVersion = 55;
	objects = {

/* Begin PBXBuildFile section */
		AA1A33FE2882DF0300BCB792 /* SettingsView.swift in Sources */ = {isa = PBXBuildFile; fileRef = AA1A33FD2882DF0300BCB792 /* SettingsView.swift */; };
		AA1A34012882E0E000BCB792 /* SettingsNavigationController.swift in Sources */ = {isa = PBXBuildFile; fileRef = AA1A34002882E0E000BCB792 /* SettingsNavigationController.swift */; };
		AA1A34032882E14100BCB792 /* SettingsNavigationRouter.swift in Sources */ = {isa = PBXBuildFile; fileRef = AA1A34022882E14100BCB792 /* SettingsNavigationRouter.swift */; };
		AA1A34062882E24900BCB792 /* DesignShowcase in Frameworks */ = {isa = PBXBuildFile; productRef = AA1A34052882E24900BCB792 /* DesignShowcase */; };
		AA1A34082882E24D00BCB792 /* Core in Frameworks */ = {isa = PBXBuildFile; productRef = AA1A34072882E24D00BCB792 /* Core */; };
		AA1A340A2884841B00BCB792 /* MainViewHostingController.swift in Sources */ = {isa = PBXBuildFile; fileRef = AA1A34092884841B00BCB792 /* MainViewHostingController.swift */; };
		AA2A22D428A069C4002357E4 /* Networking in Frameworks */ = {isa = PBXBuildFile; productRef = AA2A22D328A069C4002357E4 /* Networking */; };
		AA2A22DA28A5BEC2002357E4 /* Exercise.swift in Sources */ = {isa = PBXBuildFile; fileRef = AA2A22D928A5BEC2002357E4 /* Exercise.swift */; };
		AA2A22DC28A5C01E002357E4 /* Set.swift in Sources */ = {isa = PBXBuildFile; fileRef = AA2A22DB28A5C01E002357E4 /* Set.swift */; };
		AA4A31452882CD1C003E7C64 /* WorkoutsView.swift in Sources */ = {isa = PBXBuildFile; fileRef = AA4A31442882CD1C003E7C64 /* WorkoutsView.swift */; };
		AA4A31472882CE63003E7C64 /* ProfileView.swift in Sources */ = {isa = PBXBuildFile; fileRef = AA4A31462882CE63003E7C64 /* ProfileView.swift */; };
		AA4A314C2882D0E8003E7C64 /* DesignSystem in Frameworks */ = {isa = PBXBuildFile; productRef = AA4A314B2882D0E8003E7C64 /* DesignSystem */; };
		AA60DA01294B7FA0008C7615 /* Caching in Frameworks */ = {isa = PBXBuildFile; productRef = AA60DA00294B7FA0008C7615 /* Caching */; };
		AA7CEA70288506E8005FCBE8 /* SettingsViewModel.swift in Sources */ = {isa = PBXBuildFile; fileRef = AA7CEA6F288506E8005FCBE8 /* SettingsViewModel.swift */; };
		AA7CEA722885075D005FCBE8 /* SettingsViewState.swift in Sources */ = {isa = PBXBuildFile; fileRef = AA7CEA712885075D005FCBE8 /* SettingsViewState.swift */; };
		AA7CEA7428850B95005FCBE8 /* SettingsItem.swift in Sources */ = {isa = PBXBuildFile; fileRef = AA7CEA7328850B95005FCBE8 /* SettingsItem.swift */; };
		AA825D3B287238BF0041D94A /* SPLYTApp.swift in Sources */ = {isa = PBXBuildFile; fileRef = AA825D3A287238BF0041D94A /* SPLYTApp.swift */; };
		AA825D3D287238BF0041D94A /* MainView.swift in Sources */ = {isa = PBXBuildFile; fileRef = AA825D3C287238BF0041D94A /* MainView.swift */; };
		AA825D3F287238C90041D94A /* Assets.xcassets in Resources */ = {isa = PBXBuildFile; fileRef = AA825D3E287238C90041D94A /* Assets.xcassets */; };
		AA825D42287238C90041D94A /* Preview Assets.xcassets in Resources */ = {isa = PBXBuildFile; fileRef = AA825D41287238C90041D94A /* Preview Assets.xcassets */; };
		AA825D66287241840041D94A /* TabType.swift in Sources */ = {isa = PBXBuildFile; fileRef = AA825D65287241840041D94A /* TabType.swift */; };
		AA893138294A4A7600D7B4B1 /* AvailableExercisesCacheRequest.swift in Sources */ = {isa = PBXBuildFile; fileRef = AA893137294A4A7600D7B4B1 /* AvailableExercisesCacheRequest.swift */; };
		AA93403E288882AB00309E83 /* MainViewModelTests.swift in Sources */ = {isa = PBXBuildFile; fileRef = AA93403D288882AB00309E83 /* MainViewModelTests.swift */; };
		AA934043288883ED00309E83 /* TabTypeTests.swift in Sources */ = {isa = PBXBuildFile; fileRef = AA934042288883ED00309E83 /* TabTypeTests.swift */; };
		AA9340452888881800309E83 /* SnapshotTesting+Extensions.swift in Sources */ = {isa = PBXBuildFile; fileRef = AA9340442888881800309E83 /* SnapshotTesting+Extensions.swift */; };
		AA934048288888EF00309E83 /* MainViewTests.swift in Sources */ = {isa = PBXBuildFile; fileRef = AA934047288888EF00309E83 /* MainViewTests.swift */; };
		AA93405028888B9B00309E83 /* WorkoutsViewTests.swift in Sources */ = {isa = PBXBuildFile; fileRef = AA93404F28888B9B00309E83 /* WorkoutsViewTests.swift */; };
		AA93405228888C1600309E83 /* ProfileViewTests.swift in Sources */ = {isa = PBXBuildFile; fileRef = AA93405128888C1600309E83 /* ProfileViewTests.swift */; };
		AABFB5A128BE769100B63DF6 /* AvailableExercise.swift in Sources */ = {isa = PBXBuildFile; fileRef = AABFB5A028BE769100B63DF6 /* AvailableExercise.swift */; };
		AABFB5A328BE76FD00B63DF6 /* MusclesWorked.swift in Sources */ = {isa = PBXBuildFile; fileRef = AABFB5A228BE76FD00B63DF6 /* MusclesWorked.swift */; };
		AACF8881287366DC003A50E8 /* MainViewModel.swift in Sources */ = {isa = PBXBuildFile; fileRef = AACF8880287366DC003A50E8 /* MainViewModel.swift */; };
		AADCABDC2888944100FF09B9 /* SettingsNavigationRouterTests.swift in Sources */ = {isa = PBXBuildFile; fileRef = AADCABDB2888944100FF09B9 /* SettingsNavigationRouterTests.swift */; };
		AADCABDF288895AC00FF09B9 /* Mocking in Frameworks */ = {isa = PBXBuildFile; productRef = AADCABDE288895AC00FF09B9 /* Mocking */; };
		AADCABE1288898A100FF09B9 /* SettingsViewModelTests.swift in Sources */ = {isa = PBXBuildFile; fileRef = AADCABE0288898A100FF09B9 /* SettingsViewModelTests.swift */; };
		AADCABE328889A0C00FF09B9 /* SettingsViewTests.swift in Sources */ = {isa = PBXBuildFile; fileRef = AADCABE228889A0C00FF09B9 /* SettingsViewTests.swift */; };
		AADCABE628889A5C00FF09B9 /* MockSettingsViewModel.swift in Sources */ = {isa = PBXBuildFile; fileRef = AADCABE528889A5C00FF09B9 /* MockSettingsViewModel.swift */; };
		AADEC4AA28A7193A00A5463B /* SetInputType.swift in Sources */ = {isa = PBXBuildFile; fileRef = AADEC4A928A7193A00A5463B /* SetInputType.swift */; };
		AADEC4AC28A71BC100A5463B /* SetModifier.swift in Sources */ = {isa = PBXBuildFile; fileRef = AADEC4AB28A71BC100A5463B /* SetModifier.swift */; };
		AADEC4AF28A8375500A5463B /* ExerciseGroup.swift in Sources */ = {isa = PBXBuildFile; fileRef = AADEC4AE28A8375500A5463B /* ExerciseGroup.swift */; };
		AADEC4B328A839B800A5463B /* GetAvailableExercisesRequest.swift in Sources */ = {isa = PBXBuildFile; fileRef = AADEC4B228A839B800A5463B /* GetAvailableExercisesRequest.swift */; };
		AADEC4B528A839F600A5463B /* Workout.swift in Sources */ = {isa = PBXBuildFile; fileRef = AADEC4B428A839F600A5463B /* Workout.swift */; };
		AADEC4B928A8428900A5463B /* GetAvailableExercisesRequestTests.swift in Sources */ = {isa = PBXBuildFile; fileRef = AADEC4B828A8428900A5463B /* GetAvailableExercisesRequestTests.swift */; };
		AAFC58F428871CE2001B69B3 /* SnapshotTesting in Frameworks */ = {isa = PBXBuildFile; productRef = AAFC58F328871CE2001B69B3 /* SnapshotTesting */; };
/* End PBXBuildFile section */

/* Begin PBXContainerItemProxy section */
		AA825D48287238CB0041D94A /* PBXContainerItemProxy */ = {
			isa = PBXContainerItemProxy;
			containerPortal = AA825D2F287238BF0041D94A /* Project object */;
			proxyType = 1;
			remoteGlobalIDString = AA825D36287238BF0041D94A;
			remoteInfo = SPLYT;
		};
/* End PBXContainerItemProxy section */

/* Begin PBXFileReference section */
		AA1A33FD2882DF0300BCB792 /* SettingsView.swift */ = {isa = PBXFileReference; lastKnownFileType = sourcecode.swift; path = SettingsView.swift; sourceTree = "<group>"; };
		AA1A34002882E0E000BCB792 /* SettingsNavigationController.swift */ = {isa = PBXFileReference; lastKnownFileType = sourcecode.swift; path = SettingsNavigationController.swift; sourceTree = "<group>"; };
		AA1A34022882E14100BCB792 /* SettingsNavigationRouter.swift */ = {isa = PBXFileReference; lastKnownFileType = sourcecode.swift; path = SettingsNavigationRouter.swift; sourceTree = "<group>"; };
		AA1A34042882E18400BCB792 /* Core */ = {isa = PBXFileReference; lastKnownFileType = wrapper; path = Core; sourceTree = "<group>"; };
		AA1A34092884841B00BCB792 /* MainViewHostingController.swift */ = {isa = PBXFileReference; lastKnownFileType = sourcecode.swift; path = MainViewHostingController.swift; sourceTree = "<group>"; };
		AA1A340D2884893800BCB792 /* Architecture.md */ = {isa = PBXFileReference; lastKnownFileType = net.daringfireball.markdown; path = Architecture.md; sourceTree = "<group>"; };
		AA2A22D228A05C61002357E4 /* Networking */ = {isa = PBXFileReference; lastKnownFileType = wrapper; path = Networking; sourceTree = "<group>"; };
		AA2A22D728A2E7FD002357E4 /* Info.plist */ = {isa = PBXFileReference; lastKnownFileType = text.plist; path = Info.plist; sourceTree = "<group>"; };
		AA2A22D928A5BEC2002357E4 /* Exercise.swift */ = {isa = PBXFileReference; lastKnownFileType = sourcecode.swift; path = Exercise.swift; sourceTree = "<group>"; };
		AA2A22DB28A5C01E002357E4 /* Set.swift */ = {isa = PBXFileReference; lastKnownFileType = sourcecode.swift; path = Set.swift; sourceTree = "<group>"; };
		AA4A31442882CD1C003E7C64 /* WorkoutsView.swift */ = {isa = PBXFileReference; lastKnownFileType = sourcecode.swift; path = WorkoutsView.swift; sourceTree = "<group>"; };
		AA4A31462882CE63003E7C64 /* ProfileView.swift */ = {isa = PBXFileReference; lastKnownFileType = sourcecode.swift; path = ProfileView.swift; sourceTree = "<group>"; };
		AA4A31492882D0CC003E7C64 /* DesignSystem */ = {isa = PBXFileReference; lastKnownFileType = wrapper; path = DesignSystem; sourceTree = "<group>"; };
		AA4A314D2882DAF7003E7C64 /* DesignShowcase */ = {isa = PBXFileReference; lastKnownFileType = wrapper; path = DesignShowcase; sourceTree = "<group>"; };
		AA7CEA6F288506E8005FCBE8 /* SettingsViewModel.swift */ = {isa = PBXFileReference; lastKnownFileType = sourcecode.swift; path = SettingsViewModel.swift; sourceTree = "<group>"; };
		AA7CEA712885075D005FCBE8 /* SettingsViewState.swift */ = {isa = PBXFileReference; lastKnownFileType = sourcecode.swift; path = SettingsViewState.swift; sourceTree = "<group>"; };
		AA7CEA7328850B95005FCBE8 /* SettingsItem.swift */ = {isa = PBXFileReference; lastKnownFileType = sourcecode.swift; path = SettingsItem.swift; sourceTree = "<group>"; };
		AA825D37287238BF0041D94A /* SPLYT.app */ = {isa = PBXFileReference; explicitFileType = wrapper.application; includeInIndex = 0; path = SPLYT.app; sourceTree = BUILT_PRODUCTS_DIR; };
		AA825D3A287238BF0041D94A /* SPLYTApp.swift */ = {isa = PBXFileReference; lastKnownFileType = sourcecode.swift; path = SPLYTApp.swift; sourceTree = "<group>"; };
		AA825D3C287238BF0041D94A /* MainView.swift */ = {isa = PBXFileReference; lastKnownFileType = sourcecode.swift; path = MainView.swift; sourceTree = "<group>"; };
		AA825D3E287238C90041D94A /* Assets.xcassets */ = {isa = PBXFileReference; lastKnownFileType = folder.assetcatalog; path = Assets.xcassets; sourceTree = "<group>"; };
		AA825D41287238C90041D94A /* Preview Assets.xcassets */ = {isa = PBXFileReference; lastKnownFileType = folder.assetcatalog; path = "Preview Assets.xcassets"; sourceTree = "<group>"; };
		AA825D47287238CB0041D94A /* SPLYTTests.xctest */ = {isa = PBXFileReference; explicitFileType = wrapper.cfbundle; includeInIndex = 0; path = SPLYTTests.xctest; sourceTree = BUILT_PRODUCTS_DIR; };
		AA825D65287241840041D94A /* TabType.swift */ = {isa = PBXFileReference; lastKnownFileType = sourcecode.swift; path = TabType.swift; sourceTree = "<group>"; };
		AA893137294A4A7600D7B4B1 /* AvailableExercisesCacheRequest.swift */ = {isa = PBXFileReference; lastKnownFileType = sourcecode.swift; path = AvailableExercisesCacheRequest.swift; sourceTree = "<group>"; };
		AA893139294A4FA600D7B4B1 /* Caching */ = {isa = PBXFileReference; lastKnownFileType = wrapper; path = Caching; sourceTree = "<group>"; };
		AA93403D288882AB00309E83 /* MainViewModelTests.swift */ = {isa = PBXFileReference; lastKnownFileType = sourcecode.swift; path = MainViewModelTests.swift; sourceTree = "<group>"; };
		AA934042288883ED00309E83 /* TabTypeTests.swift */ = {isa = PBXFileReference; lastKnownFileType = sourcecode.swift; path = TabTypeTests.swift; sourceTree = "<group>"; };
		AA9340442888881800309E83 /* SnapshotTesting+Extensions.swift */ = {isa = PBXFileReference; lastKnownFileType = sourcecode.swift; path = "SnapshotTesting+Extensions.swift"; sourceTree = "<group>"; };
		AA934047288888EF00309E83 /* MainViewTests.swift */ = {isa = PBXFileReference; lastKnownFileType = sourcecode.swift; path = MainViewTests.swift; sourceTree = "<group>"; };
		AA93404F28888B9B00309E83 /* WorkoutsViewTests.swift */ = {isa = PBXFileReference; lastKnownFileType = sourcecode.swift; path = WorkoutsViewTests.swift; sourceTree = "<group>"; };
		AA93405128888C1600309E83 /* ProfileViewTests.swift */ = {isa = PBXFileReference; lastKnownFileType = sourcecode.swift; path = ProfileViewTests.swift; sourceTree = "<group>"; };
		AABFB5A028BE769100B63DF6 /* AvailableExercise.swift */ = {isa = PBXFileReference; lastKnownFileType = sourcecode.swift; path = AvailableExercise.swift; sourceTree = "<group>"; };
		AABFB5A228BE76FD00B63DF6 /* MusclesWorked.swift */ = {isa = PBXFileReference; lastKnownFileType = sourcecode.swift; path = MusclesWorked.swift; sourceTree = "<group>"; };
		AACF8880287366DC003A50E8 /* MainViewModel.swift */ = {isa = PBXFileReference; lastKnownFileType = sourcecode.swift; path = MainViewModel.swift; sourceTree = "<group>"; };
		AADCABDB2888944100FF09B9 /* SettingsNavigationRouterTests.swift */ = {isa = PBXFileReference; lastKnownFileType = sourcecode.swift; path = SettingsNavigationRouterTests.swift; sourceTree = "<group>"; };
		AADCABDD2888946F00FF09B9 /* Mocking */ = {isa = PBXFileReference; lastKnownFileType = text; name = Mocking; path = SPLYTTests/Settings/Mocking; sourceTree = SOURCE_ROOT; };
		AADCABE0288898A100FF09B9 /* SettingsViewModelTests.swift */ = {isa = PBXFileReference; lastKnownFileType = sourcecode.swift; path = SettingsViewModelTests.swift; sourceTree = "<group>"; };
		AADCABE228889A0C00FF09B9 /* SettingsViewTests.swift */ = {isa = PBXFileReference; lastKnownFileType = sourcecode.swift; path = SettingsViewTests.swift; sourceTree = "<group>"; };
		AADCABE528889A5C00FF09B9 /* MockSettingsViewModel.swift */ = {isa = PBXFileReference; lastKnownFileType = sourcecode.swift; path = MockSettingsViewModel.swift; sourceTree = "<group>"; };
		AADEC4A928A7193A00A5463B /* SetInputType.swift */ = {isa = PBXFileReference; lastKnownFileType = sourcecode.swift; path = SetInputType.swift; sourceTree = "<group>"; };
		AADEC4AB28A71BC100A5463B /* SetModifier.swift */ = {isa = PBXFileReference; lastKnownFileType = sourcecode.swift; path = SetModifier.swift; sourceTree = "<group>"; };
		AADEC4AE28A8375500A5463B /* ExerciseGroup.swift */ = {isa = PBXFileReference; lastKnownFileType = sourcecode.swift; path = ExerciseGroup.swift; sourceTree = "<group>"; };
		AADEC4B228A839B800A5463B /* GetAvailableExercisesRequest.swift */ = {isa = PBXFileReference; lastKnownFileType = sourcecode.swift; path = GetAvailableExercisesRequest.swift; sourceTree = "<group>"; };
		AADEC4B428A839F600A5463B /* Workout.swift */ = {isa = PBXFileReference; lastKnownFileType = sourcecode.swift; path = Workout.swift; sourceTree = "<group>"; };
		AADEC4B828A8428900A5463B /* GetAvailableExercisesRequestTests.swift */ = {isa = PBXFileReference; lastKnownFileType = sourcecode.swift; path = GetAvailableExercisesRequestTests.swift; sourceTree = "<group>"; };
/* End PBXFileReference section */

/* Begin PBXFrameworksBuildPhase section */
		AA825D34287238BF0041D94A /* Frameworks */ = {
			isa = PBXFrameworksBuildPhase;
			buildActionMask = 2147483647;
			files = (
				AA60DA01294B7FA0008C7615 /* Caching in Frameworks */,
				AA4A314C2882D0E8003E7C64 /* DesignSystem in Frameworks */,
				AADCABDF288895AC00FF09B9 /* Mocking in Frameworks */,
				AA1A34062882E24900BCB792 /* DesignShowcase in Frameworks */,
				AA2A22D428A069C4002357E4 /* Networking in Frameworks */,
				AA1A34082882E24D00BCB792 /* Core in Frameworks */,
			);
			runOnlyForDeploymentPostprocessing = 0;
		};
		AA825D44287238CB0041D94A /* Frameworks */ = {
			isa = PBXFrameworksBuildPhase;
			buildActionMask = 2147483647;
			files = (
				AAFC58F428871CE2001B69B3 /* SnapshotTesting in Frameworks */,
			);
			runOnlyForDeploymentPostprocessing = 0;
		};
/* End PBXFrameworksBuildPhase section */

/* Begin PBXGroup section */
		AA1A33FF2882E0B300BCB792 /* Settings */ = {
			isa = PBXGroup;
			children = (
				AA1A33FD2882DF0300BCB792 /* SettingsView.swift */,
				AA1A34002882E0E000BCB792 /* SettingsNavigationController.swift */,
				AA1A34022882E14100BCB792 /* SettingsNavigationRouter.swift */,
				AA7CEA6F288506E8005FCBE8 /* SettingsViewModel.swift */,
				AA7CEA712885075D005FCBE8 /* SettingsViewState.swift */,
				AA7CEA7328850B95005FCBE8 /* SettingsItem.swift */,
			);
			path = Settings;
			sourceTree = "<group>";
		};
		AA2A22D828A5BE88002357E4 /* Exercises */ = {
			isa = PBXGroup;
			children = (
				AA893136294A4A2900D7B4B1 /* Caching */,
				AABFB59F28BE766200B63DF6 /* Available */,
				AADEC4B128A8398F00A5463B /* Networking */,
				AADEC4B028A8395300A5463B /* Models */,
			);
			path = Exercises;
			sourceTree = "<group>";
		};
		AA4A31482882D089003E7C64 /* Swift Packages */ = {
			isa = PBXGroup;
			children = (
				AA893139294A4FA600D7B4B1 /* Caching */,
				AA2A22D228A05C61002357E4 /* Networking */,
				AADCABDD2888946F00FF09B9 /* Mocking */,
				AA1A34042882E18400BCB792 /* Core */,
				AA4A314D2882DAF7003E7C64 /* DesignShowcase */,
				AA4A31492882D0CC003E7C64 /* DesignSystem */,
			);
			path = "Swift Packages";
			sourceTree = "<group>";
		};
		AA4A314A2882D0E8003E7C64 /* Frameworks */ = {
			isa = PBXGroup;
			children = (
			);
			name = Frameworks;
			sourceTree = "<group>";
		};
		AA7AA65B28848F6200CB0A6B /* Views */ = {
			isa = PBXGroup;
			children = (
				AA1A34092884841B00BCB792 /* MainViewHostingController.swift */,
				AA825D3C287238BF0041D94A /* MainView.swift */,
			);
			path = Views;
			sourceTree = "<group>";
		};
		AA825D2E287238BF0041D94A = {
			isa = PBXGroup;
			children = (
				AA825D39287238BF0041D94A /* SPLYT */,
				AA825D4A287238CB0041D94A /* SPLYTTests */,
				AA825D38287238BF0041D94A /* Products */,
				AA4A314A2882D0E8003E7C64 /* Frameworks */,
			);
			sourceTree = "<group>";
		};
		AA825D38287238BF0041D94A /* Products */ = {
			isa = PBXGroup;
			children = (
				AA825D37287238BF0041D94A /* SPLYT.app */,
				AA825D47287238CB0041D94A /* SPLYTTests.xctest */,
			);
			name = Products;
			sourceTree = "<group>";
		};
		AA825D39287238BF0041D94A /* SPLYT */ = {
			isa = PBXGroup;
			children = (
				AA1A340D2884893800BCB792 /* Architecture.md */,
				AA2A22D728A2E7FD002357E4 /* Info.plist */,
				AA825D3E287238C90041D94A /* Assets.xcassets */,
				AA4A31482882D089003E7C64 /* Swift Packages */,
				AA825D6428723CDD0041D94A /* App Backbone */,
				AA2A22D828A5BE88002357E4 /* Exercises */,
				AA93404B28888B2400309E83 /* Profile */,
				AA1A33FF2882E0B300BCB792 /* Settings */,
				AA93404A28888B0400309E83 /* Workouts */,
				AA825D40287238C90041D94A /* Preview Content */,
			);
			path = SPLYT;
			sourceTree = "<group>";
		};
		AA825D40287238C90041D94A /* Preview Content */ = {
			isa = PBXGroup;
			children = (
				AA825D41287238C90041D94A /* Preview Assets.xcassets */,
			);
			path = "Preview Content";
			sourceTree = "<group>";
		};
		AA825D4A287238CB0041D94A /* SPLYTTests */ = {
			isa = PBXGroup;
			children = (
				AA9340442888881800309E83 /* SnapshotTesting+Extensions.swift */,
				AA93403C2888826400309E83 /* App Backbone */,
				AADEC4B628A8420B00A5463B /* Exercises */,
				AA93404D28888B5000309E83 /* Profile */,
				AA93404E28888B5800309E83 /* Settings */,
				AA93404C28888B4500309E83 /* Workouts */,
			);
			path = SPLYTTests;
			sourceTree = "<group>";
		};
		AA825D6428723CDD0041D94A /* App Backbone */ = {
			isa = PBXGroup;
			children = (
				AA7AA65B28848F6200CB0A6B /* Views */,
				AA825D3A287238BF0041D94A /* SPLYTApp.swift */,
				AA825D65287241840041D94A /* TabType.swift */,
				AACF8880287366DC003A50E8 /* MainViewModel.swift */,
			);
			path = "App Backbone";
			sourceTree = "<group>";
		};
		AA893136294A4A2900D7B4B1 /* Caching */ = {
			isa = PBXGroup;
			children = (
				AA893137294A4A7600D7B4B1 /* AvailableExercisesCacheRequest.swift */,
			);
			path = Caching;
			sourceTree = "<group>";
		};
		AA93403C2888826400309E83 /* App Backbone */ = {
			isa = PBXGroup;
			children = (
				AA934046288888AF00309E83 /* Views */,
				AA93403D288882AB00309E83 /* MainViewModelTests.swift */,
				AA934042288883ED00309E83 /* TabTypeTests.swift */,
			);
			path = "App Backbone";
			sourceTree = "<group>";
		};
		AA934046288888AF00309E83 /* Views */ = {
			isa = PBXGroup;
			children = (
				AA934047288888EF00309E83 /* MainViewTests.swift */,
			);
			path = Views;
			sourceTree = "<group>";
		};
		AA93404A28888B0400309E83 /* Workouts */ = {
			isa = PBXGroup;
			children = (
				AA4A31442882CD1C003E7C64 /* WorkoutsView.swift */,
			);
			path = Workouts;
			sourceTree = "<group>";
		};
		AA93404B28888B2400309E83 /* Profile */ = {
			isa = PBXGroup;
			children = (
				AA4A31462882CE63003E7C64 /* ProfileView.swift */,
			);
			path = Profile;
			sourceTree = "<group>";
		};
		AA93404C28888B4500309E83 /* Workouts */ = {
			isa = PBXGroup;
			children = (
				AA93404F28888B9B00309E83 /* WorkoutsViewTests.swift */,
			);
			path = Workouts;
			sourceTree = "<group>";
		};
		AA93404D28888B5000309E83 /* Profile */ = {
			isa = PBXGroup;
			children = (
				AA93405128888C1600309E83 /* ProfileViewTests.swift */,
			);
			path = Profile;
			sourceTree = "<group>";
		};
		AA93404E28888B5800309E83 /* Settings */ = {
			isa = PBXGroup;
			children = (
				AADCABE428889A4700FF09B9 /* Mocks */,
				AADCABDB2888944100FF09B9 /* SettingsNavigationRouterTests.swift */,
				AADCABE0288898A100FF09B9 /* SettingsViewModelTests.swift */,
				AADCABE228889A0C00FF09B9 /* SettingsViewTests.swift */,
			);
			path = Settings;
			sourceTree = "<group>";
		};
		AABFB59F28BE766200B63DF6 /* Available */ = {
			isa = PBXGroup;
			children = (
				AABFB5A028BE769100B63DF6 /* AvailableExercise.swift */,
				AABFB5A228BE76FD00B63DF6 /* MusclesWorked.swift */,
			);
			path = Available;
			sourceTree = "<group>";
		};
		AADCABE428889A4700FF09B9 /* Mocks */ = {
			isa = PBXGroup;
			children = (
				AADCABE528889A5C00FF09B9 /* MockSettingsViewModel.swift */,
			);
			path = Mocks;
			sourceTree = "<group>";
		};
		AADEC4B028A8395300A5463B /* Models */ = {
			isa = PBXGroup;
			children = (
				AADEC4B428A839F600A5463B /* Workout.swift */,
				AADEC4AE28A8375500A5463B /* ExerciseGroup.swift */,
				AA2A22D928A5BEC2002357E4 /* Exercise.swift */,
				AA2A22DB28A5C01E002357E4 /* Set.swift */,
				AADEC4A928A7193A00A5463B /* SetInputType.swift */,
				AADEC4AB28A71BC100A5463B /* SetModifier.swift */,
			);
			path = Models;
			sourceTree = "<group>";
		};
		AADEC4B128A8398F00A5463B /* Networking */ = {
			isa = PBXGroup;
			children = (
				AADEC4B228A839B800A5463B /* GetAvailableExercisesRequest.swift */,
			);
			path = Networking;
			sourceTree = "<group>";
		};
		AADEC4B628A8420B00A5463B /* Exercises */ = {
			isa = PBXGroup;
			children = (
				AADEC4B728A8426600A5463B /* Networking */,
			);
			path = Exercises;
			sourceTree = "<group>";
		};
		AADEC4B728A8426600A5463B /* Networking */ = {
			isa = PBXGroup;
			children = (
				AADEC4B828A8428900A5463B /* GetAvailableExercisesRequestTests.swift */,
			);
			path = Networking;
			sourceTree = "<group>";
		};
/* End PBXGroup section */

/* Begin PBXNativeTarget section */
		AA825D36287238BF0041D94A /* SPLYT */ = {
			isa = PBXNativeTarget;
			buildConfigurationList = AA825D5B287238CB0041D94A /* Build configuration list for PBXNativeTarget "SPLYT" */;
			buildPhases = (
				AA825D33287238BF0041D94A /* Sources */,
				AA825D34287238BF0041D94A /* Frameworks */,
				AA825D35287238BF0041D94A /* Resources */,
			);
			buildRules = (
			);
			dependencies = (
			);
			name = SPLYT;
			packageProductDependencies = (
				AA4A314B2882D0E8003E7C64 /* DesignSystem */,
				AA1A34052882E24900BCB792 /* DesignShowcase */,
				AA1A34072882E24D00BCB792 /* Core */,
				AADCABDE288895AC00FF09B9 /* Mocking */,
				AA2A22D328A069C4002357E4 /* Networking */,
				AA60DA00294B7FA0008C7615 /* Caching */,
			);
			productName = SPLYT;
			productReference = AA825D37287238BF0041D94A /* SPLYT.app */;
			productType = "com.apple.product-type.application";
		};
		AA825D46287238CB0041D94A /* SPLYTTests */ = {
			isa = PBXNativeTarget;
			buildConfigurationList = AA825D5E287238CB0041D94A /* Build configuration list for PBXNativeTarget "SPLYTTests" */;
			buildPhases = (
				AA825D43287238CB0041D94A /* Sources */,
				AA825D44287238CB0041D94A /* Frameworks */,
				AA825D45287238CB0041D94A /* Resources */,
			);
			buildRules = (
			);
			dependencies = (
				AAD8D4B3288DCB3F00221EBA /* PBXTargetDependency */,
				AA825D49287238CB0041D94A /* PBXTargetDependency */,
			);
			name = SPLYTTests;
			packageProductDependencies = (
				AAFC58F328871CE2001B69B3 /* SnapshotTesting */,
			);
			productName = SPLYTTests;
			productReference = AA825D47287238CB0041D94A /* SPLYTTests.xctest */;
			productType = "com.apple.product-type.bundle.unit-test";
		};
/* End PBXNativeTarget section */

/* Begin PBXProject section */
		AA825D2F287238BF0041D94A /* Project object */ = {
			isa = PBXProject;
			attributes = {
				BuildIndependentTargetsInParallel = 1;
				LastSwiftUpdateCheck = 1340;
				LastUpgradeCheck = 1340;
				TargetAttributes = {
					AA825D36287238BF0041D94A = {
						CreatedOnToolsVersion = 13.4.1;
					};
					AA825D46287238CB0041D94A = {
						CreatedOnToolsVersion = 13.4.1;
						TestTargetID = AA825D36287238BF0041D94A;
					};
				};
			};
			buildConfigurationList = AA825D32287238BF0041D94A /* Build configuration list for PBXProject "SPLYT" */;
			compatibilityVersion = "Xcode 13.0";
			developmentRegion = en;
			hasScannedForEncodings = 0;
			knownRegions = (
				en,
				Base,
			);
			mainGroup = AA825D2E287238BF0041D94A;
			packageReferences = (
				AAFC58F228871CE2001B69B3 /* XCRemoteSwiftPackageReference "swift-snapshot-testing" */,
				AA93403F288883A200309E83 /* XCRemoteSwiftPackageReference "swift-snapshot-testing" */,
			);
			productRefGroup = AA825D38287238BF0041D94A /* Products */;
			projectDirPath = "";
			projectRoot = "";
			targets = (
				AA825D36287238BF0041D94A /* SPLYT */,
				AA825D46287238CB0041D94A /* SPLYTTests */,
			);
		};
/* End PBXProject section */

/* Begin PBXResourcesBuildPhase section */
		AA825D35287238BF0041D94A /* Resources */ = {
			isa = PBXResourcesBuildPhase;
			buildActionMask = 2147483647;
			files = (
				AA825D42287238C90041D94A /* Preview Assets.xcassets in Resources */,
				AA825D3F287238C90041D94A /* Assets.xcassets in Resources */,
			);
			runOnlyForDeploymentPostprocessing = 0;
		};
		AA825D45287238CB0041D94A /* Resources */ = {
			isa = PBXResourcesBuildPhase;
			buildActionMask = 2147483647;
			files = (
			);
			runOnlyForDeploymentPostprocessing = 0;
		};
/* End PBXResourcesBuildPhase section */

/* Begin PBXSourcesBuildPhase section */
		AA825D33287238BF0041D94A /* Sources */ = {
			isa = PBXSourcesBuildPhase;
			buildActionMask = 2147483647;
			files = (
				AA1A33FE2882DF0300BCB792 /* SettingsView.swift in Sources */,
				AA825D3D287238BF0041D94A /* MainView.swift in Sources */,
				AABFB5A328BE76FD00B63DF6 /* MusclesWorked.swift in Sources */,
				AA7CEA7428850B95005FCBE8 /* SettingsItem.swift in Sources */,
				AADEC4B528A839F600A5463B /* Workout.swift in Sources */,
				AA893138294A4A7600D7B4B1 /* AvailableExercisesCacheRequest.swift in Sources */,
				AA1A34012882E0E000BCB792 /* SettingsNavigationController.swift in Sources */,
				AA7CEA722885075D005FCBE8 /* SettingsViewState.swift in Sources */,
				AA2A22DC28A5C01E002357E4 /* Set.swift in Sources */,
				AADEC4B328A839B800A5463B /* GetAvailableExercisesRequest.swift in Sources */,
				AADEC4AA28A7193A00A5463B /* SetInputType.swift in Sources */,
				AADEC4AF28A8375500A5463B /* ExerciseGroup.swift in Sources */,
				AA2A22DA28A5BEC2002357E4 /* Exercise.swift in Sources */,
				AA825D3B287238BF0041D94A /* SPLYTApp.swift in Sources */,
				AA825D66287241840041D94A /* TabType.swift in Sources */,
				AACF8881287366DC003A50E8 /* MainViewModel.swift in Sources */,
				AABFB5A128BE769100B63DF6 /* AvailableExercise.swift in Sources */,
				AA4A31472882CE63003E7C64 /* ProfileView.swift in Sources */,
				AA1A34032882E14100BCB792 /* SettingsNavigationRouter.swift in Sources */,
				AA7CEA70288506E8005FCBE8 /* SettingsViewModel.swift in Sources */,
				AA4A31452882CD1C003E7C64 /* WorkoutsView.swift in Sources */,
				AADEC4AC28A71BC100A5463B /* SetModifier.swift in Sources */,
				AA1A340A2884841B00BCB792 /* MainViewHostingController.swift in Sources */,
			);
			runOnlyForDeploymentPostprocessing = 0;
		};
		AA825D43287238CB0041D94A /* Sources */ = {
			isa = PBXSourcesBuildPhase;
			buildActionMask = 2147483647;
			files = (
				AA93405028888B9B00309E83 /* WorkoutsViewTests.swift in Sources */,
				AA9340452888881800309E83 /* SnapshotTesting+Extensions.swift in Sources */,
				AADCABE328889A0C00FF09B9 /* SettingsViewTests.swift in Sources */,
				AADEC4B928A8428900A5463B /* GetAvailableExercisesRequestTests.swift in Sources */,
				AA934048288888EF00309E83 /* MainViewTests.swift in Sources */,
				AA934043288883ED00309E83 /* TabTypeTests.swift in Sources */,
				AADCABE628889A5C00FF09B9 /* MockSettingsViewModel.swift in Sources */,
				AADCABDC2888944100FF09B9 /* SettingsNavigationRouterTests.swift in Sources */,
				AA93405228888C1600309E83 /* ProfileViewTests.swift in Sources */,
				AA93403E288882AB00309E83 /* MainViewModelTests.swift in Sources */,
				AADCABE1288898A100FF09B9 /* SettingsViewModelTests.swift in Sources */,
			);
			runOnlyForDeploymentPostprocessing = 0;
		};
/* End PBXSourcesBuildPhase section */

/* Begin PBXTargetDependency section */
		AA825D49287238CB0041D94A /* PBXTargetDependency */ = {
			isa = PBXTargetDependency;
			target = AA825D36287238BF0041D94A /* SPLYT */;
			targetProxy = AA825D48287238CB0041D94A /* PBXContainerItemProxy */;
		};
		AAD8D4B3288DCB3F00221EBA /* PBXTargetDependency */ = {
			isa = PBXTargetDependency;
			productRef = AAD8D4B2288DCB3F00221EBA /* SnapshotTesting */;
		};
/* End PBXTargetDependency section */

/* Begin XCBuildConfiguration section */
		AA825D59287238CB0041D94A /* Debug */ = {
			isa = XCBuildConfiguration;
			buildSettings = {
				ALWAYS_SEARCH_USER_PATHS = NO;
				CLANG_ANALYZER_NONNULL = YES;
				CLANG_ANALYZER_NUMBER_OBJECT_CONVERSION = YES_AGGRESSIVE;
				CLANG_CXX_LANGUAGE_STANDARD = "gnu++17";
				CLANG_ENABLE_MODULES = YES;
				CLANG_ENABLE_OBJC_ARC = YES;
				CLANG_ENABLE_OBJC_WEAK = YES;
				CLANG_WARN_BLOCK_CAPTURE_AUTORELEASING = YES;
				CLANG_WARN_BOOL_CONVERSION = YES;
				CLANG_WARN_COMMA = YES;
				CLANG_WARN_CONSTANT_CONVERSION = YES;
				CLANG_WARN_DEPRECATED_OBJC_IMPLEMENTATIONS = YES;
				CLANG_WARN_DIRECT_OBJC_ISA_USAGE = YES_ERROR;
				CLANG_WARN_DOCUMENTATION_COMMENTS = YES;
				CLANG_WARN_EMPTY_BODY = YES;
				CLANG_WARN_ENUM_CONVERSION = YES;
				CLANG_WARN_INFINITE_RECURSION = YES;
				CLANG_WARN_INT_CONVERSION = YES;
				CLANG_WARN_NON_LITERAL_NULL_CONVERSION = YES;
				CLANG_WARN_OBJC_IMPLICIT_RETAIN_SELF = YES;
				CLANG_WARN_OBJC_LITERAL_CONVERSION = YES;
				CLANG_WARN_OBJC_ROOT_CLASS = YES_ERROR;
				CLANG_WARN_QUOTED_INCLUDE_IN_FRAMEWORK_HEADER = YES;
				CLANG_WARN_RANGE_LOOP_ANALYSIS = YES;
				CLANG_WARN_STRICT_PROTOTYPES = YES;
				CLANG_WARN_SUSPICIOUS_MOVE = YES;
				CLANG_WARN_UNGUARDED_AVAILABILITY = YES_AGGRESSIVE;
				CLANG_WARN_UNREACHABLE_CODE = YES;
				CLANG_WARN__DUPLICATE_METHOD_MATCH = YES;
				COPY_PHASE_STRIP = NO;
				DEBUG_INFORMATION_FORMAT = dwarf;
				ENABLE_STRICT_OBJC_MSGSEND = YES;
				ENABLE_TESTABILITY = YES;
				GCC_C_LANGUAGE_STANDARD = gnu11;
				GCC_DYNAMIC_NO_PIC = NO;
				GCC_NO_COMMON_BLOCKS = YES;
				GCC_OPTIMIZATION_LEVEL = 0;
				GCC_PREPROCESSOR_DEFINITIONS = (
					"DEBUG=1",
					"$(inherited)",
				);
				GCC_WARN_64_TO_32_BIT_CONVERSION = YES;
				GCC_WARN_ABOUT_RETURN_TYPE = YES_ERROR;
				GCC_WARN_UNDECLARED_SELECTOR = YES;
				GCC_WARN_UNINITIALIZED_AUTOS = YES_AGGRESSIVE;
				GCC_WARN_UNUSED_FUNCTION = YES;
				GCC_WARN_UNUSED_VARIABLE = YES;
				IPHONEOS_DEPLOYMENT_TARGET = 16.1;
				MTL_ENABLE_DEBUG_INFO = INCLUDE_SOURCE;
				MTL_FAST_MATH = YES;
				ONLY_ACTIVE_ARCH = YES;
				SDKROOT = iphoneos;
				SWIFT_ACTIVE_COMPILATION_CONDITIONS = DEBUG;
				SWIFT_OPTIMIZATION_LEVEL = "-Onone";
			};
			name = Debug;
		};
		AA825D5A287238CB0041D94A /* Release */ = {
			isa = XCBuildConfiguration;
			buildSettings = {
				ALWAYS_SEARCH_USER_PATHS = NO;
				CLANG_ANALYZER_NONNULL = YES;
				CLANG_ANALYZER_NUMBER_OBJECT_CONVERSION = YES_AGGRESSIVE;
				CLANG_CXX_LANGUAGE_STANDARD = "gnu++17";
				CLANG_ENABLE_MODULES = YES;
				CLANG_ENABLE_OBJC_ARC = YES;
				CLANG_ENABLE_OBJC_WEAK = YES;
				CLANG_WARN_BLOCK_CAPTURE_AUTORELEASING = YES;
				CLANG_WARN_BOOL_CONVERSION = YES;
				CLANG_WARN_COMMA = YES;
				CLANG_WARN_CONSTANT_CONVERSION = YES;
				CLANG_WARN_DEPRECATED_OBJC_IMPLEMENTATIONS = YES;
				CLANG_WARN_DIRECT_OBJC_ISA_USAGE = YES_ERROR;
				CLANG_WARN_DOCUMENTATION_COMMENTS = YES;
				CLANG_WARN_EMPTY_BODY = YES;
				CLANG_WARN_ENUM_CONVERSION = YES;
				CLANG_WARN_INFINITE_RECURSION = YES;
				CLANG_WARN_INT_CONVERSION = YES;
				CLANG_WARN_NON_LITERAL_NULL_CONVERSION = YES;
				CLANG_WARN_OBJC_IMPLICIT_RETAIN_SELF = YES;
				CLANG_WARN_OBJC_LITERAL_CONVERSION = YES;
				CLANG_WARN_OBJC_ROOT_CLASS = YES_ERROR;
				CLANG_WARN_QUOTED_INCLUDE_IN_FRAMEWORK_HEADER = YES;
				CLANG_WARN_RANGE_LOOP_ANALYSIS = YES;
				CLANG_WARN_STRICT_PROTOTYPES = YES;
				CLANG_WARN_SUSPICIOUS_MOVE = YES;
				CLANG_WARN_UNGUARDED_AVAILABILITY = YES_AGGRESSIVE;
				CLANG_WARN_UNREACHABLE_CODE = YES;
				CLANG_WARN__DUPLICATE_METHOD_MATCH = YES;
				COPY_PHASE_STRIP = NO;
				DEBUG_INFORMATION_FORMAT = "dwarf-with-dsym";
				ENABLE_NS_ASSERTIONS = NO;
				ENABLE_STRICT_OBJC_MSGSEND = YES;
				GCC_C_LANGUAGE_STANDARD = gnu11;
				GCC_NO_COMMON_BLOCKS = YES;
				GCC_WARN_64_TO_32_BIT_CONVERSION = YES;
				GCC_WARN_ABOUT_RETURN_TYPE = YES_ERROR;
				GCC_WARN_UNDECLARED_SELECTOR = YES;
				GCC_WARN_UNINITIALIZED_AUTOS = YES_AGGRESSIVE;
				GCC_WARN_UNUSED_FUNCTION = YES;
				GCC_WARN_UNUSED_VARIABLE = YES;
				IPHONEOS_DEPLOYMENT_TARGET = 16.1;
				MTL_ENABLE_DEBUG_INFO = NO;
				MTL_FAST_MATH = YES;
				SDKROOT = iphoneos;
				SWIFT_COMPILATION_MODE = wholemodule;
				SWIFT_OPTIMIZATION_LEVEL = "-O";
				VALIDATE_PRODUCT = YES;
			};
			name = Release;
		};
		AA825D5C287238CB0041D94A /* Debug */ = {
			isa = XCBuildConfiguration;
			buildSettings = {
				ASSETCATALOG_COMPILER_APPICON_NAME = AppIcon;
				ASSETCATALOG_COMPILER_GLOBAL_ACCENT_COLOR_NAME = AccentColor;
				CODE_SIGN_STYLE = Automatic;
				CURRENT_PROJECT_VERSION = 1;
				DEVELOPMENT_ASSET_PATHS = "\"SPLYT/Preview Content\"";
				DEVELOPMENT_TEAM = TM29ZMC7X2;
				ENABLE_PREVIEWS = YES;
				GENERATE_INFOPLIST_FILE = YES;
				INFOPLIST_FILE = SPLYT/Info.plist;
				INFOPLIST_KEY_CFBundleDisplayName = "";
				INFOPLIST_KEY_LSApplicationCategoryType = "";
				INFOPLIST_KEY_UIApplicationSceneManifest_Generation = YES;
				INFOPLIST_KEY_UIApplicationSupportsIndirectInputEvents = YES;
				INFOPLIST_KEY_UILaunchScreen_Generation = YES;
				INFOPLIST_KEY_UISupportedInterfaceOrientations_iPhone = "UIInterfaceOrientationPortrait UIInterfaceOrientationLandscapeLeft UIInterfaceOrientationLandscapeRight";
				IPHONEOS_DEPLOYMENT_TARGET = 16.1;
				LD_RUNPATH_SEARCH_PATHS = (
					"$(inherited)",
					"@executable_path/Frameworks",
				);
				MARKETING_VERSION = 1.0;
				PRODUCT_BUNDLE_IDENTIFIER = evh.SPLYT;
				PRODUCT_NAME = "$(TARGET_NAME)";
				SWIFT_EMIT_LOC_STRINGS = YES;
				SWIFT_VERSION = 5.0;
				TARGETED_DEVICE_FAMILY = "1,2";
			};
			name = Debug;
		};
		AA825D5D287238CB0041D94A /* Release */ = {
			isa = XCBuildConfiguration;
			buildSettings = {
				ASSETCATALOG_COMPILER_APPICON_NAME = AppIcon;
				ASSETCATALOG_COMPILER_GLOBAL_ACCENT_COLOR_NAME = AccentColor;
				CODE_SIGN_STYLE = Automatic;
				CURRENT_PROJECT_VERSION = 1;
				DEVELOPMENT_ASSET_PATHS = "\"SPLYT/Preview Content\"";
				DEVELOPMENT_TEAM = TM29ZMC7X2;
				ENABLE_PREVIEWS = YES;
				GENERATE_INFOPLIST_FILE = YES;
				INFOPLIST_FILE = SPLYT/Info.plist;
				INFOPLIST_KEY_CFBundleDisplayName = "";
				INFOPLIST_KEY_LSApplicationCategoryType = "";
				INFOPLIST_KEY_UIApplicationSceneManifest_Generation = YES;
				INFOPLIST_KEY_UIApplicationSupportsIndirectInputEvents = YES;
				INFOPLIST_KEY_UILaunchScreen_Generation = YES;
				INFOPLIST_KEY_UISupportedInterfaceOrientations_iPhone = "UIInterfaceOrientationPortrait UIInterfaceOrientationLandscapeLeft UIInterfaceOrientationLandscapeRight";
				IPHONEOS_DEPLOYMENT_TARGET = 16.1;
				LD_RUNPATH_SEARCH_PATHS = (
					"$(inherited)",
					"@executable_path/Frameworks",
				);
				MARKETING_VERSION = 1.0;
				PRODUCT_BUNDLE_IDENTIFIER = evh.SPLYT;
				PRODUCT_NAME = "$(TARGET_NAME)";
				SWIFT_EMIT_LOC_STRINGS = YES;
				SWIFT_VERSION = 5.0;
				TARGETED_DEVICE_FAMILY = "1,2";
			};
			name = Release;
		};
		AA825D5F287238CB0041D94A /* Debug */ = {
			isa = XCBuildConfiguration;
			buildSettings = {
				ALWAYS_EMBED_SWIFT_STANDARD_LIBRARIES = YES;
				BUNDLE_LOADER = "$(TEST_HOST)";
				CODE_SIGN_STYLE = Automatic;
				CURRENT_PROJECT_VERSION = 1;
				DEVELOPMENT_TEAM = TM29ZMC7X2;
				GENERATE_INFOPLIST_FILE = YES;
				IPHONEOS_DEPLOYMENT_TARGET = 16.1;
				MARKETING_VERSION = 1.0;
				PRODUCT_BUNDLE_IDENTIFIER = evh.SPLYTTests;
				PRODUCT_NAME = "$(TARGET_NAME)";
				SWIFT_EMIT_LOC_STRINGS = NO;
				SWIFT_VERSION = 5.0;
				TARGETED_DEVICE_FAMILY = "1,2";
				TEST_HOST = "$(BUILT_PRODUCTS_DIR)/SPLYT.app/SPLYT";
			};
			name = Debug;
		};
		AA825D60287238CB0041D94A /* Release */ = {
			isa = XCBuildConfiguration;
			buildSettings = {
				ALWAYS_EMBED_SWIFT_STANDARD_LIBRARIES = YES;
				BUNDLE_LOADER = "$(TEST_HOST)";
				CODE_SIGN_STYLE = Automatic;
				CURRENT_PROJECT_VERSION = 1;
				DEVELOPMENT_TEAM = TM29ZMC7X2;
				GENERATE_INFOPLIST_FILE = YES;
				IPHONEOS_DEPLOYMENT_TARGET = 16.1;
				MARKETING_VERSION = 1.0;
				PRODUCT_BUNDLE_IDENTIFIER = evh.SPLYTTests;
				PRODUCT_NAME = "$(TARGET_NAME)";
				SWIFT_EMIT_LOC_STRINGS = NO;
				SWIFT_VERSION = 5.0;
				TARGETED_DEVICE_FAMILY = "1,2";
				TEST_HOST = "$(BUILT_PRODUCTS_DIR)/SPLYT.app/SPLYT";
			};
			name = Release;
		};
/* End XCBuildConfiguration section */

/* Begin XCConfigurationList section */
		AA825D32287238BF0041D94A /* Build configuration list for PBXProject "SPLYT" */ = {
			isa = XCConfigurationList;
			buildConfigurations = (
				AA825D59287238CB0041D94A /* Debug */,
				AA825D5A287238CB0041D94A /* Release */,
			);
			defaultConfigurationIsVisible = 0;
			defaultConfigurationName = Release;
		};
		AA825D5B287238CB0041D94A /* Build configuration list for PBXNativeTarget "SPLYT" */ = {
			isa = XCConfigurationList;
			buildConfigurations = (
				AA825D5C287238CB0041D94A /* Debug */,
				AA825D5D287238CB0041D94A /* Release */,
			);
			defaultConfigurationIsVisible = 0;
			defaultConfigurationName = Release;
		};
		AA825D5E287238CB0041D94A /* Build configuration list for PBXNativeTarget "SPLYTTests" */ = {
			isa = XCConfigurationList;
			buildConfigurations = (
				AA825D5F287238CB0041D94A /* Debug */,
				AA825D60287238CB0041D94A /* Release */,
			);
			defaultConfigurationIsVisible = 0;
			defaultConfigurationName = Release;
		};
/* End XCConfigurationList section */

/* Begin XCRemoteSwiftPackageReference section */
		AA93403F288883A200309E83 /* XCRemoteSwiftPackageReference "swift-snapshot-testing" */ = {
			isa = XCRemoteSwiftPackageReference;
			repositoryURL = "https://github.com/pointfreeco/swift-snapshot-testing";
			requirement = {
				kind = exactVersion;
				version = 1.9.0;
			};
		};
		AAFC58F228871CE2001B69B3 /* XCRemoteSwiftPackageReference "swift-snapshot-testing" */ = {
			isa = XCRemoteSwiftPackageReference;
			repositoryURL = "https://github.com/pointfreeco/swift-snapshot-testing";
			requirement = {
				kind = exactVersion;
				version = 1.9.0;
			};
		};
/* End XCRemoteSwiftPackageReference section */

/* Begin XCSwiftPackageProductDependency section */
		AA1A34052882E24900BCB792 /* DesignShowcase */ = {
			isa = XCSwiftPackageProductDependency;
			productName = DesignShowcase;
		};
		AA1A34072882E24D00BCB792 /* Core */ = {
			isa = XCSwiftPackageProductDependency;
			productName = Core;
		};
		AA2A22D328A069C4002357E4 /* Networking */ = {
			isa = XCSwiftPackageProductDependency;
			productName = Networking;
		};
		AA4A314B2882D0E8003E7C64 /* DesignSystem */ = {
			isa = XCSwiftPackageProductDependency;
			productName = DesignSystem;
		};
		AA60DA00294B7FA0008C7615 /* Caching */ = {
			isa = XCSwiftPackageProductDependency;
			productName = Caching;
		};
		AAD8D4B2288DCB3F00221EBA /* SnapshotTesting */ = {
			isa = XCSwiftPackageProductDependency;
			package = AAFC58F228871CE2001B69B3 /* XCRemoteSwiftPackageReference "swift-snapshot-testing" */;
			productName = SnapshotTesting;
		};
		AADCABDE288895AC00FF09B9 /* Mocking */ = {
			isa = XCSwiftPackageProductDependency;
			productName = Mocking;
		};
		AAFC58F328871CE2001B69B3 /* SnapshotTesting */ = {
			isa = XCSwiftPackageProductDependency;
			package = AAFC58F228871CE2001B69B3 /* XCRemoteSwiftPackageReference "swift-snapshot-testing" */;
			productName = SnapshotTesting;
		};
/* End XCSwiftPackageProductDependency section */
	};
	rootObject = AA825D2F287238BF0041D94A /* Project object */;
}
